
Microsoft Visual Studio Solution File, Format Version 12.00
# Visual Studio 15
VisualStudioVersion = 15.0.28307.572
MinimumVisualStudioVersion = 10.0.40219.1
Project("{FAE04EC0-301F-11D3-BF4B-00C04F79EFBC}") = "Tour", "Tour\Tour.csproj", "{B371D68C-5CD2-4DA0-B1EF-B0AA68923ACF}"
EndProject
Global
	GlobalSection(SolutionConfigurationPlatforms) = preSolution
		Debug|Any CPU = Debug|Any CPU
		Release|Any CPU = Release|Any CPU
	EndGlobalSection
	GlobalSection(ProjectConfigurationPlatforms) = postSolution
		{B371D68C-5CD2-4DA0-B1EF-B0AA68923ACF}.Debug|Any CPU.ActiveCfg = Debug|Any CPU
		{B371D68C-5CD2-4DA0-B1EF-B0AA68923ACF}.Debug|Any CPU.Build.0 = Debug|Any CPU
		{B371D68C-5CD2-4DA0-B1EF-B0AA68923ACF}.Release|Any CPU.ActiveCfg = Release|Any CPU
		{B371D68C-5CD2-4DA0-B1EF-B0AA68923ACF}.Release|Any CPU.Build.0 = Release|Any CPU
	EndGlobalSection
	GlobalSection(SolutionProperties) = preSolution
		HideSolutionNode = FALSE
	EndGlobalSection
	GlobalSection(ExtensibilityGlobals) = postSolution
		SolutionGuid = {768F6DCF-E116-4EAA-B692-22F6BF5312B3}
	EndGlobalSection
EndGlobal
